{
  "name": "smartspace",
  "version": "1.0.0",
  "lockfileVersion": 3,
  "requires": true,
  "packages": {
    "": {
      "name": "smartspace",
      "version": "1.0.0",
      "license": "ISC",
      "dependencies": {
        "phil-address": "^2.0.1",
        "psgc": "^2.2.0"
      },
      "devDependencies": {}
    },
    "node_modules/phil-address": {
      "version": "2.0.1",
      "resolved": "https://registry.npmjs.org/phil-address/-/phil-address-2.0.1.tgz",
      "integrity": "sha512-JZ0L9/LKV5fvhTuTAWZk9Bi4UpzNZ3rslf8HZ5ZUCfGHLIJRMnUI9+IOs7mM8XlWJSpYq1vrh/I9gGYkATe+YA==",
      "license": "MIT"
    },
    "node_modules/psgc": {
      "version": "2.2.0",
      "resolved": "https://registry.npmjs.org/psgc/-/psgc-2.2.0.tgz",
      "integrity": "sha512-zwE/k903j5CZY5oPb9S3yRDVLYGczX0Bjwjf+REoZn00nM3tAF5M1cCCJUWcHaBxiXlTItV7BMBbTXLzhxnXww==",
      "license": "MIT"
    }
  }
}
